// !$*UTF8*$!
{
	archiveVersion = 1;
	classes = {
	};
	objectVersion = 56;
	objects = {

/* Begin PBXBuildFile section */
		769FAE772CEE9D0900CA66C8 /* BaseProjectStructureApp.swift in Sources */ = {isa = PBXBuildFile; fileRef = 769FAE762CEE9D0900CA66C8 /* BaseProjectStructureApp.swift */; };
		769FAE792CEE9D0900CA66C8 /* ContentView.swift in Sources */ = {isa = PBXBuildFile; fileRef = 769FAE782CEE9D0900CA66C8 /* ContentView.swift */; };
		769FAE7B2CEE9D0A00CA66C8 /* AppIcon.xcassets in Resources */ = {isa = PBXBuildFile; fileRef = 769FAE7A2CEE9D0A00CA66C8 /* AppIcon.xcassets */; };
		769FAE7E2CEE9D0A00CA66C8 /* Preview Assets.xcassets in Resources */ = {isa = PBXBuildFile; fileRef = 769FAE7D2CEE9D0A00CA66C8 /* Preview Assets.xcassets */; };
		769FAE862CEEAA9500CA66C8 /* .swiftlint.yml in Resources */ = {isa = PBXBuildFile; fileRef = 769FAE852CEEAA9500CA66C8 /* .swiftlint.yml */; };
		769FAE8B2CEEABC800CA66C8 /* Localizable.strings in Resources */ = {isa = PBXBuildFile; fileRef = 769FAE8D2CEEABC800CA66C8 /* Localizable.strings */; };
		769FAE942CEEAE1900CA66C8 /* StringExtensions.swift in Sources */ = {isa = PBXBuildFile; fileRef = 769FAE932CEEAE1900CA66C8 /* StringExtensions.swift */; };
		76AD29C02CEEBA74002C6312 /* RandomModel.swift in Sources */ = {isa = PBXBuildFile; fileRef = 76AD29BF2CEEBA74002C6312 /* RandomModel.swift */; };
		76AD29C22CEEBA82002C6312 /* RandomView.swift in Sources */ = {isa = PBXBuildFile; fileRef = 76AD29C12CEEBA82002C6312 /* RandomView.swift */; };
		76AD29C42CEEBA8C002C6312 /* RandomViewModel.swift in Sources */ = {isa = PBXBuildFile; fileRef = 76AD29C32CEEBA8C002C6312 /* RandomViewModel.swift */; };
		76AD29C62CEEBA95002C6312 /* RandomScreen.swift in Sources */ = {isa = PBXBuildFile; fileRef = 76AD29C52CEEBA95002C6312 /* RandomScreen.swift */; };
		76AD29C82CEEBA9D002C6312 /* RandomAction.swift in Sources */ = {isa = PBXBuildFile; fileRef = 76AD29C72CEEBA9D002C6312 /* RandomAction.swift */; };
		76AD29CA2CEEBAB4002C6312 /* LoginActions.swift in Sources */ = {isa = PBXBuildFile; fileRef = 76AD29C92CEEBAB4002C6312 /* LoginActions.swift */; };
		76AD29CC2CEEBABF002C6312 /* LoginScreen.swift in Sources */ = {isa = PBXBuildFile; fileRef = 76AD29CB2CEEBABF002C6312 /* LoginScreen.swift */; };
		76AD29CE2CEEBAC6002C6312 /* LoginViewModel.swift in Sources */ = {isa = PBXBuildFile; fileRef = 76AD29CD2CEEBAC6002C6312 /* LoginViewModel.swift */; };
		76AD29D02CEEBAD3002C6312 /* LoginForm.swift in Sources */ = {isa = PBXBuildFile; fileRef = 76AD29CF2CEEBAD3002C6312 /* LoginForm.swift */; };
		76AD29D22CEEBADC002C6312 /* LoginModel.swift in Sources */ = {isa = PBXBuildFile; fileRef = 76AD29D12CEEBADC002C6312 /* LoginModel.swift */; };
		76AD29D42CEEBB2D002C6312 /* Spacing.xcassets in Resources */ = {isa = PBXBuildFile; fileRef = 76AD29D32CEEBB2D002C6312 /* Spacing.xcassets */; };
		76AD29D62CEEBB34002C6312 /* Fonts.xcassets in Resources */ = {isa = PBXBuildFile; fileRef = 76AD29D52CEEBB34002C6312 /* Fonts.xcassets */; };
		76AD29D82CEEBB3B002C6312 /* Colors.xcassets in Resources */ = {isa = PBXBuildFile; fileRef = 76AD29D72CEEBB3B002C6312 /* Colors.xcassets */; };
		CD62CA210C31C2205F25D99C /* Pods_BaseProjectStructure.framework in Frameworks */ = {isa = PBXBuildFile; fileRef = 7969142599F2B6B0F5C382E8 /* Pods_BaseProjectStructure.framework */; };
/* End PBXBuildFile section */

/* Begin PBXFileReference section */
		652B66CE1C8826F19B1DD4BC /* Pods-BaseProjectStructure.release.xcconfig */ = {isa = PBXFileReference; includeInIndex = 1; lastKnownFileType = text.xcconfig; name = "Pods-BaseProjectStructure.release.xcconfig"; path = "Target Support Files/Pods-BaseProjectStructure/Pods-BaseProjectStructure.release.xcconfig"; sourceTree = "<group>"; };
		769FAE732CEE9D0900CA66C8 /* BaseProjectStructure.app */ = {isa = PBXFileReference; explicitFileType = wrapper.application; includeInIndex = 0; path = BaseProjectStructure.app; sourceTree = BUILT_PRODUCTS_DIR; };
		769FAE762CEE9D0900CA66C8 /* BaseProjectStructureApp.swift */ = {isa = PBXFileReference; lastKnownFileType = sourcecode.swift; path = BaseProjectStructureApp.swift; sourceTree = "<group>"; };
		769FAE782CEE9D0900CA66C8 /* ContentView.swift */ = {isa = PBXFileReference; lastKnownFileType = sourcecode.swift; path = ContentView.swift; sourceTree = "<group>"; };
		769FAE7A2CEE9D0A00CA66C8 /* AppIcon.xcassets */ = {isa = PBXFileReference; lastKnownFileType = folder.assetcatalog; path = AppIcon.xcassets; sourceTree = "<group>"; };
		769FAE7D2CEE9D0A00CA66C8 /* Preview Assets.xcassets */ = {isa = PBXFileReference; lastKnownFileType = folder.assetcatalog; path = "Preview Assets.xcassets"; sourceTree = "<group>"; };
		769FAE852CEEAA9500CA66C8 /* .swiftlint.yml */ = {isa = PBXFileReference; lastKnownFileType = text.yaml; path = .swiftlint.yml; sourceTree = "<group>"; };
		769FAE8E2CEEABEC00CA66C8 /* pt-BR */ = {isa = PBXFileReference; lastKnownFileType = text.plist.strings; name = "pt-BR"; path = "pt-BR.lproj/Localizable.strings"; sourceTree = "<group>"; };
		769FAE8F2CEEAD1B00CA66C8 /* en */ = {isa = PBXFileReference; lastKnownFileType = text.plist.strings; name = en; path = en.lproj/Localizable.strings; sourceTree = "<group>"; };
		769FAE932CEEAE1900CA66C8 /* StringExtensions.swift */ = {isa = PBXFileReference; lastKnownFileType = sourcecode.swift; path = StringExtensions.swift; sourceTree = "<group>"; };
		76AD29BF2CEEBA74002C6312 /* RandomModel.swift */ = {isa = PBXFileReference; lastKnownFileType = sourcecode.swift; path = RandomModel.swift; sourceTree = "<group>"; };
		76AD29C12CEEBA82002C6312 /* RandomView.swift */ = {isa = PBXFileReference; lastKnownFileType = sourcecode.swift; path = RandomView.swift; sourceTree = "<group>"; };
		76AD29C32CEEBA8C002C6312 /* RandomViewModel.swift */ = {isa = PBXFileReference; lastKnownFileType = sourcecode.swift; path = RandomViewModel.swift; sourceTree = "<group>"; };
		76AD29C52CEEBA95002C6312 /* RandomScreen.swift */ = {isa = PBXFileReference; lastKnownFileType = sourcecode.swift; path = RandomScreen.swift; sourceTree = "<group>"; };
		76AD29C72CEEBA9D002C6312 /* RandomAction.swift */ = {isa = PBXFileReference; lastKnownFileType = sourcecode.swift; path = RandomAction.swift; sourceTree = "<group>"; };
		76AD29C92CEEBAB4002C6312 /* LoginActions.swift */ = {isa = PBXFileReference; lastKnownFileType = sourcecode.swift; path = LoginActions.swift; sourceTree = "<group>"; };
		76AD29CB2CEEBABF002C6312 /* LoginScreen.swift */ = {isa = PBXFileReference; lastKnownFileType = sourcecode.swift; path = LoginScreen.swift; sourceTree = "<group>"; };
		76AD29CD2CEEBAC6002C6312 /* LoginViewModel.swift */ = {isa = PBXFileReference; lastKnownFileType = sourcecode.swift; path = LoginViewModel.swift; sourceTree = "<group>"; };
		76AD29CF2CEEBAD3002C6312 /* LoginForm.swift */ = {isa = PBXFileReference; lastKnownFileType = sourcecode.swift; path = LoginForm.swift; sourceTree = "<group>"; };
		76AD29D12CEEBADC002C6312 /* LoginModel.swift */ = {isa = PBXFileReference; lastKnownFileType = sourcecode.swift; path = LoginModel.swift; sourceTree = "<group>"; };
		76AD29D32CEEBB2D002C6312 /* Spacing.xcassets */ = {isa = PBXFileReference; lastKnownFileType = folder.assetcatalog; path = Spacing.xcassets; sourceTree = "<group>"; };
		76AD29D52CEEBB34002C6312 /* Fonts.xcassets */ = {isa = PBXFileReference; lastKnownFileType = folder.assetcatalog; path = Fonts.xcassets; sourceTree = "<group>"; };
		76AD29D72CEEBB3B002C6312 /* Colors.xcassets */ = {isa = PBXFileReference; lastKnownFileType = folder.assetcatalog; path = Colors.xcassets; sourceTree = "<group>"; };
		76CE1B892CEEB72F0062C25B /* Info.plist */ = {isa = PBXFileReference; lastKnownFileType = text.plist.xml; path = Info.plist; sourceTree = "<group>"; };
		7969142599F2B6B0F5C382E8 /* Pods_BaseProjectStructure.framework */ = {isa = PBXFileReference; explicitFileType = wrapper.framework; includeInIndex = 0; path = Pods_BaseProjectStructure.framework; sourceTree = BUILT_PRODUCTS_DIR; };
		A98D2098BE1C14D109E94F69 /* Pods-BaseProjectStructure.debug.xcconfig */ = {isa = PBXFileReference; includeInIndex = 1; lastKnownFileType = text.xcconfig; name = "Pods-BaseProjectStructure.debug.xcconfig"; path = "Target Support Files/Pods-BaseProjectStructure/Pods-BaseProjectStructure.debug.xcconfig"; sourceTree = "<group>"; };
/* End PBXFileReference section */

/* Begin PBXFrameworksBuildPhase section */
		769FAE702CEE9D0900CA66C8 /* Frameworks */ = {
			isa = PBXFrameworksBuildPhase;
			buildActionMask = 2147483647;
			files = (
				CD62CA210C31C2205F25D99C /* Pods_BaseProjectStructure.framework in Frameworks */,
			);
			runOnlyForDeploymentPostprocessing = 0;
		};
/* End PBXFrameworksBuildPhase section */

/* Begin PBXGroup section */
		174F4737D4E1FA4F5EB59847 /* Frameworks */ = {
			isa = PBXGroup;
			children = (
				7969142599F2B6B0F5C382E8 /* Pods_BaseProjectStructure.framework */,
			);
			name = Frameworks;
			sourceTree = "<group>";
		};
		769FAE6A2CEE9D0900CA66C8 = {
			isa = PBXGroup;
			children = (
				769FAE752CEE9D0900CA66C8 /* BaseProjectStructure */,
				769FAE742CEE9D0900CA66C8 /* Products */,
				98429B235C02BEDD1BE0011A /* Pods */,
				174F4737D4E1FA4F5EB59847 /* Frameworks */,
			);
			sourceTree = "<group>";
		};
		769FAE742CEE9D0900CA66C8 /* Products */ = {
			isa = PBXGroup;
			children = (
				769FAE732CEE9D0900CA66C8 /* BaseProjectStructure.app */,
			);
			name = Products;
			sourceTree = "<group>";
		};
		769FAE752CEE9D0900CA66C8 /* BaseProjectStructure */ = {
			isa = PBXGroup;
			children = (
				76CE1B882CEEB6AC0062C25B /* iOS */,
				769FAE902CEEADF700CA66C8 /* App */,
			);
			path = BaseProjectStructure;
			sourceTree = "<group>";
		};
		769FAE7C2CEE9D0A00CA66C8 /* Preview Content */ = {
			isa = PBXGroup;
			children = (
				769FAE7D2CEE9D0A00CA66C8 /* Preview Assets.xcassets */,
			);
			path = "Preview Content";
			sourceTree = "<group>";
		};
		769FAE872CEEAB4800CA66C8 /* SupportingFiles */ = {
			isa = PBXGroup;
			children = (
				769FAE762CEE9D0900CA66C8 /* BaseProjectStructureApp.swift */,
				769FAE782CEE9D0900CA66C8 /* ContentView.swift */,
				769FAE882CEEAB9100CA66C8 /* Localization */,
			);
			path = SupportingFiles;
			sourceTree = "<group>";
		};
		769FAE882CEEAB9100CA66C8 /* Localization */ = {
			isa = PBXGroup;
			children = (
				769FAE8D2CEEABC800CA66C8 /* Localizable.strings */,
			);
			path = Localization;
			sourceTree = "<group>";
		};
		769FAE902CEEADF700CA66C8 /* App */ = {
			isa = PBXGroup;
			children = (
				769FAEA42CEEB2E100CA66C8 /* Common */,
				769FAE952CEEB14A00CA66C8 /* Features */,
				769FAE912CEEADFA00CA66C8 /* Utilities */,
			);
			path = App;
			sourceTree = "<group>";
		};
		769FAE912CEEADFA00CA66C8 /* Utilities */ = {
			isa = PBXGroup;
			children = (
				769FAE922CEEAE0B00CA66C8 /* Extensions */,
			);
			path = Utilities;
			sourceTree = "<group>";
		};
		769FAE922CEEAE0B00CA66C8 /* Extensions */ = {
			isa = PBXGroup;
			children = (
				769FAE932CEEAE1900CA66C8 /* StringExtensions.swift */,
			);
			path = Extensions;
			sourceTree = "<group>";
		};
		769FAE952CEEB14A00CA66C8 /* Features */ = {
			isa = PBXGroup;
			children = (
				769FAE982CEEB16600CA66C8 /* Settings */,
				769FAE972CEEB16000CA66C8 /* Home */,
				769FAE962CEEB15800CA66C8 /* Login */,
			);
			path = Features;
			sourceTree = "<group>";
		};
		769FAE962CEEB15800CA66C8 /* Login */ = {
			isa = PBXGroup;
			children = (
				769FAEA92CEEB31A00CA66C8 /* Actions */,
				769FAEA62CEEB30000CA66C8 /* Screens */,
				769FAEA12CEEB19E00CA66C8 /* ViewModels */,
				769FAEA02CEEB19A00CA66C8 /* Views */,
				769FAE9F2CEEB19500CA66C8 /* Models */,
			);
			path = Login;
			sourceTree = "<group>";
		};
		769FAE972CEEB16000CA66C8 /* Home */ = {
			isa = PBXGroup;
			children = (
				769FAEA82CEEB31500CA66C8 /* Actions */,
				769FAEA52CEEB2FC00CA66C8 /* Screens */,
				769FAE9E2CEEB18C00CA66C8 /* ViewModels */,
				769FAE9D2CEEB18700CA66C8 /* Views */,
				769FAE9C2CEEB18400CA66C8 /* Models */,
			);
			path = Home;
			sourceTree = "<group>";
		};
		769FAE982CEEB16600CA66C8 /* Settings */ = {
			isa = PBXGroup;
			children = (
				769FAEA72CEEB31000CA66C8 /* Actions */,
				769FAEA22CEEB23100CA66C8 /* Screens */,
				769FAE9B2CEEB17D00CA66C8 /* ViewModels */,
				769FAE9A2CEEB17900CA66C8 /* Views */,
				769FAE992CEEB17500CA66C8 /* Models */,
			);
			path = Settings;
			sourceTree = "<group>";
		};
		769FAE992CEEB17500CA66C8 /* Models */ = {
			isa = PBXGroup;
			children = (
			);
			path = Models;
			sourceTree = "<group>";
		};
		769FAE9A2CEEB17900CA66C8 /* Views */ = {
			isa = PBXGroup;
			children = (
			);
			path = Views;
			sourceTree = "<group>";
		};
		769FAE9B2CEEB17D00CA66C8 /* ViewModels */ = {
			isa = PBXGroup;
			children = (
			);
			path = ViewModels;
			sourceTree = "<group>";
		};
		769FAE9C2CEEB18400CA66C8 /* Models */ = {
			isa = PBXGroup;
			children = (
			);
			path = Models;
			sourceTree = "<group>";
		};
		769FAE9D2CEEB18700CA66C8 /* Views */ = {
			isa = PBXGroup;
			children = (
			);
			path = Views;
			sourceTree = "<group>";
		};
		769FAE9E2CEEB18C00CA66C8 /* ViewModels */ = {
			isa = PBXGroup;
			children = (
			);
			path = ViewModels;
			sourceTree = "<group>";
		};
		769FAE9F2CEEB19500CA66C8 /* Models */ = {
			isa = PBXGroup;
			children = (
				76AD29D12CEEBADC002C6312 /* LoginModel.swift */,
			);
			path = Models;
			sourceTree = "<group>";
		};
		769FAEA02CEEB19A00CA66C8 /* Views */ = {
			isa = PBXGroup;
			children = (
				76AD29CF2CEEBAD3002C6312 /* LoginForm.swift */,
			);
			path = Views;
			sourceTree = "<group>";
		};
		769FAEA12CEEB19E00CA66C8 /* ViewModels */ = {
			isa = PBXGroup;
			children = (
				76AD29CD2CEEBAC6002C6312 /* LoginViewModel.swift */,
			);
			path = ViewModels;
			sourceTree = "<group>";
		};
		769FAEA22CEEB23100CA66C8 /* Screens */ = {
			isa = PBXGroup;
			children = (
			);
			path = Screens;
			sourceTree = "<group>";
		};
		769FAEA42CEEB2E100CA66C8 /* Common */ = {
			isa = PBXGroup;
			children = (
				769FAEAE2CEEB34300CA66C8 /* Actions */,
				769FAEAD2CEEB33E00CA66C8 /* Screens */,
				769FAEAC2CEEB33A00CA66C8 /* ViewModels */,
				769FAEAB2CEEB32E00CA66C8 /* Views */,
				769FAEAA2CEEB32500CA66C8 /* Models */,
			);
			path = Common;
			sourceTree = "<group>";
		};
		769FAEA52CEEB2FC00CA66C8 /* Screens */ = {
			isa = PBXGroup;
			children = (
			);
			path = Screens;
			sourceTree = "<group>";
		};
		769FAEA62CEEB30000CA66C8 /* Screens */ = {
			isa = PBXGroup;
			children = (
				76AD29CB2CEEBABF002C6312 /* LoginScreen.swift */,
			);
			path = Screens;
			sourceTree = "<group>";
		};
		769FAEA72CEEB31000CA66C8 /* Actions */ = {
			isa = PBXGroup;
			children = (
			);
			path = Actions;
			sourceTree = "<group>";
		};
		769FAEA82CEEB31500CA66C8 /* Actions */ = {
			isa = PBXGroup;
			children = (
			);
			path = Actions;
			sourceTree = "<group>";
		};
		769FAEA92CEEB31A00CA66C8 /* Actions */ = {
			isa = PBXGroup;
			children = (
				76AD29C92CEEBAB4002C6312 /* LoginActions.swift */,
			);
			path = Actions;
			sourceTree = "<group>";
		};
		769FAEAA2CEEB32500CA66C8 /* Models */ = {
			isa = PBXGroup;
			children = (
				76AD29BF2CEEBA74002C6312 /* RandomModel.swift */,
			);
			path = Models;
			sourceTree = "<group>";
		};
		769FAEAB2CEEB32E00CA66C8 /* Views */ = {
			isa = PBXGroup;
			children = (
				76AD29C12CEEBA82002C6312 /* RandomView.swift */,
			);
			path = Views;
			sourceTree = "<group>";
		};
		769FAEAC2CEEB33A00CA66C8 /* ViewModels */ = {
			isa = PBXGroup;
			children = (
				76AD29C32CEEBA8C002C6312 /* RandomViewModel.swift */,
			);
			path = ViewModels;
			sourceTree = "<group>";
		};
		769FAEAD2CEEB33E00CA66C8 /* Screens */ = {
			isa = PBXGroup;
			children = (
				76AD29C52CEEBA95002C6312 /* RandomScreen.swift */,
			);
			path = Screens;
			sourceTree = "<group>";
		};
		769FAEAE2CEEB34300CA66C8 /* Actions */ = {
			isa = PBXGroup;
			children = (
				76AD29C72CEEBA9D002C6312 /* RandomAction.swift */,
			);
			path = Actions;
			sourceTree = "<group>";
		};
		769FAEAF2CEEB3AA00CA66C8 /* Config */ = {
			isa = PBXGroup;
			children = (
				769FAE852CEEAA9500CA66C8 /* .swiftlint.yml */,
			);
			path = Config;
			sourceTree = "<group>";
		};
		769FAEB02CEEB3B500CA66C8 /* Resources */ = {
			isa = PBXGroup;
			children = (
				76CE1B892CEEB72F0062C25B /* Info.plist */,
				76CE1B842CEEB55F0062C25B /* Theme */,
				769FAEB12CEEB49600CA66C8 /* Images */,
			);
			path = Resources;
			sourceTree = "<group>";
		};
		769FAEB12CEEB49600CA66C8 /* Images */ = {
			isa = PBXGroup;
			children = (
				769FAE7A2CEE9D0A00CA66C8 /* AppIcon.xcassets */,
			);
			path = Images;
			sourceTree = "<group>";
		};
		76CE1B842CEEB55F0062C25B /* Theme */ = {
			isa = PBXGroup;
			children = (
				76CE1B872CEEB56C0062C25B /* Spacing */,
				76CE1B862CEEB5680062C25B /* Fonts */,
				76CE1B852CEEB5630062C25B /* Colors */,
			);
			path = Theme;
			sourceTree = "<group>";
		};
		76CE1B852CEEB5630062C25B /* Colors */ = {
			isa = PBXGroup;
			children = (
				76AD29D72CEEBB3B002C6312 /* Colors.xcassets */,
			);
			path = Colors;
			sourceTree = "<group>";
		};
		76CE1B862CEEB5680062C25B /* Fonts */ = {
			isa = PBXGroup;
			children = (
				76AD29D52CEEBB34002C6312 /* Fonts.xcassets */,
			);
			path = Fonts;
			sourceTree = "<group>";
		};
		76CE1B872CEEB56C0062C25B /* Spacing */ = {
			isa = PBXGroup;
			children = (
				76AD29D32CEEBB2D002C6312 /* Spacing.xcassets */,
			);
			path = Spacing;
			sourceTree = "<group>";
		};
		76CE1B882CEEB6AC0062C25B /* iOS */ = {
			isa = PBXGroup;
			children = (
				769FAEAF2CEEB3AA00CA66C8 /* Config */,
				769FAE872CEEAB4800CA66C8 /* SupportingFiles */,
				769FAE7C2CEE9D0A00CA66C8 /* Preview Content */,
				769FAEB02CEEB3B500CA66C8 /* Resources */,
			);
			path = iOS;
			sourceTree = "<group>";
		};
		98429B235C02BEDD1BE0011A /* Pods */ = {
			isa = PBXGroup;
			children = (
				A98D2098BE1C14D109E94F69 /* Pods-BaseProjectStructure.debug.xcconfig */,
				652B66CE1C8826F19B1DD4BC /* Pods-BaseProjectStructure.release.xcconfig */,
			);
			path = Pods;
			sourceTree = "<group>";
		};
/* End PBXGroup section */

/* Begin PBXNativeTarget section */
		769FAE722CEE9D0900CA66C8 /* BaseProjectStructure */ = {
			isa = PBXNativeTarget;
			buildConfigurationList = 769FAE812CEE9D0A00CA66C8 /* Build configuration list for PBXNativeTarget "BaseProjectStructure" */;
			buildPhases = (
				0087AACFE6509509753C0649 /* [CP] Check Pods Manifest.lock */,
				769FAE6F2CEE9D0900CA66C8 /* Sources */,
				769FAE702CEE9D0900CA66C8 /* Frameworks */,
				769FAE712CEE9D0900CA66C8 /* Resources */,
				769FAE842CEE9E5F00CA66C8 /* SwiftLint */,
			);
			buildRules = (
			);
			dependencies = (
			);
			name = BaseProjectStructure;
			productName = BaseProjectStructure;
			productReference = 769FAE732CEE9D0900CA66C8 /* BaseProjectStructure.app */;
			productType = "com.apple.product-type.application";
		};
/* End PBXNativeTarget section */

/* Begin PBXProject section */
		769FAE6B2CEE9D0900CA66C8 /* Project object */ = {
			isa = PBXProject;
			attributes = {
				BuildIndependentTargetsInParallel = 1;
				LastSwiftUpdateCheck = 1520;
				LastUpgradeCheck = 1520;
				TargetAttributes = {
					769FAE722CEE9D0900CA66C8 = {
						CreatedOnToolsVersion = 15.2;
					};
				};
			};
			buildConfigurationList = 769FAE6E2CEE9D0900CA66C8 /* Build configuration list for PBXProject "BaseProjectStructure" */;
			compatibilityVersion = "Xcode 14.0";
			developmentRegion = en;
			hasScannedForEncodings = 0;
			knownRegions = (
				en,
				Base,
				"pt-BR",
			);
			mainGroup = 769FAE6A2CEE9D0900CA66C8;
			productRefGroup = 769FAE742CEE9D0900CA66C8 /* Products */;
			projectDirPath = "";
			projectRoot = "";
			targets = (
				769FAE722CEE9D0900CA66C8 /* BaseProjectStructure */,
			);
		};
/* End PBXProject section */

/* Begin PBXResourcesBuildPhase section */
		769FAE712CEE9D0900CA66C8 /* Resources */ = {
			isa = PBXResourcesBuildPhase;
			buildActionMask = 2147483647;
			files = (
				769FAE862CEEAA9500CA66C8 /* .swiftlint.yml in Resources */,
				76AD29D42CEEBB2D002C6312 /* Spacing.xcassets in Resources */,
				76AD29D62CEEBB34002C6312 /* Fonts.xcassets in Resources */,
				769FAE8B2CEEABC800CA66C8 /* Localizable.strings in Resources */,
				769FAE7E2CEE9D0A00CA66C8 /* Preview Assets.xcassets in Resources */,
				769FAE7B2CEE9D0A00CA66C8 /* AppIcon.xcassets in Resources */,
				76AD29D82CEEBB3B002C6312 /* Colors.xcassets in Resources */,
			);
			runOnlyForDeploymentPostprocessing = 0;
		};
/* End PBXResourcesBuildPhase section */

/* Begin PBXShellScriptBuildPhase section */
		0087AACFE6509509753C0649 /* [CP] Check Pods Manifest.lock */ = {
			isa = PBXShellScriptBuildPhase;
			buildActionMask = 2147483647;
			files = (
			);
			inputFileListPaths = (
			);
			inputPaths = (
				"${PODS_PODFILE_DIR_PATH}/Podfile.lock",
				"${PODS_ROOT}/Manifest.lock",
			);
			name = "[CP] Check Pods Manifest.lock";
			outputFileListPaths = (
			);
			outputPaths = (
				"$(DERIVED_FILE_DIR)/Pods-BaseProjectStructure-checkManifestLockResult.txt",
			);
			runOnlyForDeploymentPostprocessing = 0;
			shellPath = /bin/sh;
			shellScript = "diff \"${PODS_PODFILE_DIR_PATH}/Podfile.lock\" \"${PODS_ROOT}/Manifest.lock\" > /dev/null\nif [ $? != 0 ] ; then\n    # print error to STDERR\n    echo \"error: The sandbox is not in sync with the Podfile.lock. Run 'pod install' or update your CocoaPods installation.\" >&2\n    exit 1\nfi\n# This output is used by Xcode 'outputs' to avoid re-running this script phase.\necho \"SUCCESS\" > \"${SCRIPT_OUTPUT_FILE_0}\"\n";
			showEnvVarsInLog = 0;
		};
		769FAE842CEE9E5F00CA66C8 /* SwiftLint */ = {
			isa = PBXShellScriptBuildPhase;
			buildActionMask = 2147483647;
			files = (
			);
			inputFileListPaths = (
			);
			inputPaths = (
			);
			name = SwiftLint;
			outputFileListPaths = (
			);
			outputPaths = (
			);
			runOnlyForDeploymentPostprocessing = 0;
			shellPath = /bin/sh;
			shellScript = "\"${PODS_ROOT}/SwiftLint/swiftlint\" --config \"$SRCROOT/BaseProjectStructure/iOS/Config/.swiftlint.yml\"\n";
		};
/* End PBXShellScriptBuildPhase section */

/* Begin PBXSourcesBuildPhase section */
		769FAE6F2CEE9D0900CA66C8 /* Sources */ = {
			isa = PBXSourcesBuildPhase;
			buildActionMask = 2147483647;
			files = (
				769FAE942CEEAE1900CA66C8 /* StringExtensions.swift in Sources */,
				76AD29C42CEEBA8C002C6312 /* RandomViewModel.swift in Sources */,
				76AD29CE2CEEBAC6002C6312 /* LoginViewModel.swift in Sources */,
				76AD29C22CEEBA82002C6312 /* RandomView.swift in Sources */,
				769FAE792CEE9D0900CA66C8 /* ContentView.swift in Sources */,
				76AD29C82CEEBA9D002C6312 /* RandomAction.swift in Sources */,
				76AD29C62CEEBA95002C6312 /* RandomScreen.swift in Sources */,
				76AD29D02CEEBAD3002C6312 /* LoginForm.swift in Sources */,
				76AD29D22CEEBADC002C6312 /* LoginModel.swift in Sources */,
				76AD29CA2CEEBAB4002C6312 /* LoginActions.swift in Sources */,
				76AD29C02CEEBA74002C6312 /* RandomModel.swift in Sources */,
				769FAE772CEE9D0900CA66C8 /* BaseProjectStructureApp.swift in Sources */,
				76AD29CC2CEEBABF002C6312 /* LoginScreen.swift in Sources */,
			);
			runOnlyForDeploymentPostprocessing = 0;
		};
/* End PBXSourcesBuildPhase section */

/* Begin PBXVariantGroup section */
		769FAE8D2CEEABC800CA66C8 /* Localizable.strings */ = {
			isa = PBXVariantGroup;
			children = (
				769FAE8E2CEEABEC00CA66C8 /* pt-BR */,
				769FAE8F2CEEAD1B00CA66C8 /* en */,
			);
			name = Localizable.strings;
			sourceTree = "<group>";
		};
/* End PBXVariantGroup section */

/* Begin XCBuildConfiguration section */
		769FAE7F2CEE9D0A00CA66C8 /* Debug */ = {
			isa = XCBuildConfiguration;
			buildSettings = {
				ALWAYS_SEARCH_USER_PATHS = NO;
				ASSETCATALOG_COMPILER_GENERATE_SWIFT_ASSET_SYMBOL_EXTENSIONS = YES;
				CLANG_ANALYZER_LOCALIZABILITY_NONLOCALIZED = YES;
				CLANG_ANALYZER_NONNULL = YES;
				CLANG_ANALYZER_NUMBER_OBJECT_CONVERSION = YES_AGGRESSIVE;
				CLANG_CXX_LANGUAGE_STANDARD = "gnu++20";
				CLANG_ENABLE_MODULES = YES;
				CLANG_ENABLE_OBJC_ARC = YES;
				CLANG_ENABLE_OBJC_WEAK = YES;
				CLANG_WARN_BLOCK_CAPTURE_AUTORELEASING = YES;
				CLANG_WARN_BOOL_CONVERSION = YES;
				CLANG_WARN_COMMA = YES;
				CLANG_WARN_CONSTANT_CONVERSION = YES;
				CLANG_WARN_DEPRECATED_OBJC_IMPLEMENTATIONS = YES;
				CLANG_WARN_DIRECT_OBJC_ISA_USAGE = YES_ERROR;
				CLANG_WARN_DOCUMENTATION_COMMENTS = YES;
				CLANG_WARN_EMPTY_BODY = YES;
				CLANG_WARN_ENUM_CONVERSION = YES;
				CLANG_WARN_INFINITE_RECURSION = YES;
				CLANG_WARN_INT_CONVERSION = YES;
				CLANG_WARN_NON_LITERAL_NULL_CONVERSION = YES;
				CLANG_WARN_OBJC_IMPLICIT_RETAIN_SELF = YES;
				CLANG_WARN_OBJC_LITERAL_CONVERSION = YES;
				CLANG_WARN_OBJC_ROOT_CLASS = YES_ERROR;
				CLANG_WARN_QUOTED_INCLUDE_IN_FRAMEWORK_HEADER = YES;
				CLANG_WARN_RANGE_LOOP_ANALYSIS = YES;
				CLANG_WARN_STRICT_PROTOTYPES = YES;
				CLANG_WARN_SUSPICIOUS_MOVE = YES;
				CLANG_WARN_UNGUARDED_AVAILABILITY = YES_AGGRESSIVE;
				CLANG_WARN_UNREACHABLE_CODE = YES;
				CLANG_WARN__DUPLICATE_METHOD_MATCH = YES;
				COPY_PHASE_STRIP = NO;
				DEBUG_INFORMATION_FORMAT = dwarf;
				ENABLE_STRICT_OBJC_MSGSEND = YES;
				ENABLE_TESTABILITY = YES;
				ENABLE_USER_SCRIPT_SANDBOXING = NO;
				GCC_C_LANGUAGE_STANDARD = gnu17;
				GCC_DYNAMIC_NO_PIC = NO;
				GCC_NO_COMMON_BLOCKS = YES;
				GCC_OPTIMIZATION_LEVEL = 0;
				GCC_PREPROCESSOR_DEFINITIONS = (
					"DEBUG=1",
					"$(inherited)",
				);
				GCC_WARN_64_TO_32_BIT_CONVERSION = YES;
				GCC_WARN_ABOUT_RETURN_TYPE = YES_ERROR;
				GCC_WARN_UNDECLARED_SELECTOR = YES;
				GCC_WARN_UNINITIALIZED_AUTOS = YES_AGGRESSIVE;
				GCC_WARN_UNUSED_FUNCTION = YES;
				GCC_WARN_UNUSED_VARIABLE = YES;
				IPHONEOS_DEPLOYMENT_TARGET = 17.2;
				LOCALIZATION_PREFERS_STRING_CATALOGS = YES;
				MTL_ENABLE_DEBUG_INFO = INCLUDE_SOURCE;
				MTL_FAST_MATH = YES;
				ONLY_ACTIVE_ARCH = YES;
				SDKROOT = iphoneos;
				SWIFT_ACTIVE_COMPILATION_CONDITIONS = "DEBUG $(inherited)";
				SWIFT_OPTIMIZATION_LEVEL = "-Onone";
			};
			name = Debug;
		};
		769FAE802CEE9D0A00CA66C8 /* Release */ = {
			isa = XCBuildConfiguration;
			buildSettings = {
				ALWAYS_SEARCH_USER_PATHS = NO;
				ASSETCATALOG_COMPILER_GENERATE_SWIFT_ASSET_SYMBOL_EXTENSIONS = YES;
				CLANG_ANALYZER_LOCALIZABILITY_NONLOCALIZED = YES;
				CLANG_ANALYZER_NONNULL = YES;
				CLANG_ANALYZER_NUMBER_OBJECT_CONVERSION = YES_AGGRESSIVE;
				CLANG_CXX_LANGUAGE_STANDARD = "gnu++20";
				CLANG_ENABLE_MODULES = YES;
				CLANG_ENABLE_OBJC_ARC = YES;
				CLANG_ENABLE_OBJC_WEAK = YES;
				CLANG_WARN_BLOCK_CAPTURE_AUTORELEASING = YES;
				CLANG_WARN_BOOL_CONVERSION = YES;
				CLANG_WARN_COMMA = YES;
				CLANG_WARN_CONSTANT_CONVERSION = YES;
				CLANG_WARN_DEPRECATED_OBJC_IMPLEMENTATIONS = YES;
				CLANG_WARN_DIRECT_OBJC_ISA_USAGE = YES_ERROR;
				CLANG_WARN_DOCUMENTATION_COMMENTS = YES;
				CLANG_WARN_EMPTY_BODY = YES;
				CLANG_WARN_ENUM_CONVERSION = YES;
				CLANG_WARN_INFINITE_RECURSION = YES;
				CLANG_WARN_INT_CONVERSION = YES;
				CLANG_WARN_NON_LITERAL_NULL_CONVERSION = YES;
				CLANG_WARN_OBJC_IMPLICIT_RETAIN_SELF = YES;
				CLANG_WARN_OBJC_LITERAL_CONVERSION = YES;
				CLANG_WARN_OBJC_ROOT_CLASS = YES_ERROR;
				CLANG_WARN_QUOTED_INCLUDE_IN_FRAMEWORK_HEADER = YES;
				CLANG_WARN_RANGE_LOOP_ANALYSIS = YES;
				CLANG_WARN_STRICT_PROTOTYPES = YES;
				CLANG_WARN_SUSPICIOUS_MOVE = YES;
				CLANG_WARN_UNGUARDED_AVAILABILITY = YES_AGGRESSIVE;
				CLANG_WARN_UNREACHABLE_CODE = YES;
				CLANG_WARN__DUPLICATE_METHOD_MATCH = YES;
				COPY_PHASE_STRIP = NO;
				DEBUG_INFORMATION_FORMAT = "dwarf-with-dsym";
				ENABLE_NS_ASSERTIONS = NO;
				ENABLE_STRICT_OBJC_MSGSEND = YES;
				ENABLE_USER_SCRIPT_SANDBOXING = NO;
				GCC_C_LANGUAGE_STANDARD = gnu17;
				GCC_NO_COMMON_BLOCKS = YES;
				GCC_WARN_64_TO_32_BIT_CONVERSION = YES;
				GCC_WARN_ABOUT_RETURN_TYPE = YES_ERROR;
				GCC_WARN_UNDECLARED_SELECTOR = YES;
				GCC_WARN_UNINITIALIZED_AUTOS = YES_AGGRESSIVE;
				GCC_WARN_UNUSED_FUNCTION = YES;
				GCC_WARN_UNUSED_VARIABLE = YES;
				IPHONEOS_DEPLOYMENT_TARGET = 17.2;
				LOCALIZATION_PREFERS_STRING_CATALOGS = YES;
				MTL_ENABLE_DEBUG_INFO = NO;
				MTL_FAST_MATH = YES;
				SDKROOT = iphoneos;
				SWIFT_COMPILATION_MODE = wholemodule;
				VALIDATE_PRODUCT = YES;
			};
			name = Release;
		};
		769FAE822CEE9D0A00CA66C8 /* Debug */ = {
			isa = XCBuildConfiguration;
			baseConfigurationReference = A98D2098BE1C14D109E94F69 /* Pods-BaseProjectStructure.debug.xcconfig */;
			buildSettings = {
				ASSETCATALOG_COMPILER_APPICON_NAME = AppIcon;
				ASSETCATALOG_COMPILER_GLOBAL_ACCENT_COLOR_NAME = AccentColor;
				CODE_SIGN_STYLE = Automatic;
				CURRENT_PROJECT_VERSION = 1;
				DEVELOPMENT_ASSET_PATHS = "\"BaseProjectStructure/iOS/Preview Content\"";
				DEVELOPMENT_TEAM = XZ9FPB99SE;
				ENABLE_PREVIEWS = YES;
				GENERATE_INFOPLIST_FILE = YES;
				INFOPLIST_FILE = BaseProjectStructure/iOS/Resources/Info.plist;
				INFOPLIST_KEY_UIApplicationSceneManifest_Generation = YES;
				INFOPLIST_KEY_UIApplicationSupportsIndirectInputEvents = YES;
				INFOPLIST_KEY_UILaunchScreen_Generation = YES;
				INFOPLIST_KEY_UISupportedInterfaceOrientations_iPad = "UIInterfaceOrientationPortrait UIInterfaceOrientationPortraitUpsideDown UIInterfaceOrientationLandscapeLeft UIInterfaceOrientationLandscapeRight";
				INFOPLIST_KEY_UISupportedInterfaceOrientations_iPhone = "UIInterfaceOrientationPortrait UIInterfaceOrientationLandscapeLeft UIInterfaceOrientationLandscapeRight";
				IPHONEOS_DEPLOYMENT_TARGET = 16.0;
				LD_RUNPATH_SEARCH_PATHS = (
					"$(inherited)",
					"@executable_path/Frameworks",
				);
				MARKETING_VERSION = 1.0;
				PRODUCT_BUNDLE_IDENTIFIER = com.fillipeags.BaseProjectStructure;
				PRODUCT_NAME = "$(TARGET_NAME)";
				SWIFT_EMIT_LOC_STRINGS = YES;
				SWIFT_VERSION = 5.0;
				TARGETED_DEVICE_FAMILY = "1,2";
			};
			name = Debug;
		};
		769FAE832CEE9D0A00CA66C8 /* Release */ = {
			isa = XCBuildConfiguration;
			baseConfigurationReference = 652B66CE1C8826F19B1DD4BC /* Pods-BaseProjectStructure.release.xcconfig */;
			buildSettings = {
				ASSETCATALOG_COMPILER_APPICON_NAME = AppIcon;
				ASSETCATALOG_COMPILER_GLOBAL_ACCENT_COLOR_NAME = AccentColor;
				CODE_SIGN_STYLE = Automatic;
				CURRENT_PROJECT_VERSION = 1;
				DEVELOPMENT_ASSET_PATHS = "\"BaseProjectStructure/iOS/Preview Content\"";
				DEVELOPMENT_TEAM = XZ9FPB99SE;
				ENABLE_PREVIEWS = YES;
				GENERATE_INFOPLIST_FILE = YES;
				INFOPLIST_FILE = BaseProjectStructure/iOS/Resources/Info.plist;
				INFOPLIST_KEY_UIApplicationSceneManifest_Generation = YES;
				INFOPLIST_KEY_UIApplicationSupportsIndirectInputEvents = YES;
				INFOPLIST_KEY_UILaunchScreen_Generation = YES;
				INFOPLIST_KEY_UISupportedInterfaceOrientations_iPad = "UIInterfaceOrientationPortrait UIInterfaceOrientationPortraitUpsideDown UIInterfaceOrientationLandscapeLeft UIInterfaceOrientationLandscapeRight";
				INFOPLIST_KEY_UISupportedInterfaceOrientations_iPhone = "UIInterfaceOrientationPortrait UIInterfaceOrientationLandscapeLeft UIInterfaceOrientationLandscapeRight";
				IPHONEOS_DEPLOYMENT_TARGET = 16.0;
				LD_RUNPATH_SEARCH_PATHS = (
					"$(inherited)",
					"@executable_path/Frameworks",
				);
				MARKETING_VERSION = 1.0;
				PRODUCT_BUNDLE_IDENTIFIER = com.fillipeags.BaseProjectStructure;
				PRODUCT_NAME = "$(TARGET_NAME)";
				SWIFT_EMIT_LOC_STRINGS = YES;
				SWIFT_VERSION = 5.0;
				TARGETED_DEVICE_FAMILY = "1,2";
			};
			name = Release;
		};
/* End XCBuildConfiguration section */

/* Begin XCConfigurationList section */
		769FAE6E2CEE9D0900CA66C8 /* Build configuration list for PBXProject "BaseProjectStructure" */ = {
			isa = XCConfigurationList;
			buildConfigurations = (
				769FAE7F2CEE9D0A00CA66C8 /* Debug */,
				769FAE802CEE9D0A00CA66C8 /* Release */,
			);
			defaultConfigurationIsVisible = 0;
			defaultConfigurationName = Release;
		};
		769FAE812CEE9D0A00CA66C8 /* Build configuration list for PBXNativeTarget "BaseProjectStructure" */ = {
			isa = XCConfigurationList;
			buildConfigurations = (
				769FAE822CEE9D0A00CA66C8 /* Debug */,
				769FAE832CEE9D0A00CA66C8 /* Release */,
			);
			defaultConfigurationIsVisible = 0;
			defaultConfigurationName = Release;
		};
/* End XCConfigurationList section */
	};
	rootObject = 769FAE6B2CEE9D0900CA66C8 /* Project object */;
}
